
Microsoft Visual Studio Solution File, Format Version 12.00
# Visual Studio Version 17
VisualStudioVersion = 17.5.33530.505
MinimumVisualStudioVersion = 10.0.40219.1
Project("{8BC9CEB8-8B4A-11D0-8D11-00A0C91BC942}") = "CBMPlus", "CBMPlus\CBMPlus.vcxproj", "{0EA57E58-E2F8-46B4-B610-D833D9047E33}"
EndProject
Project("{8BC9CEB8-8B4A-11D0-8D11-00A0C91BC942}") = "CBMServer", "CBMServer\CBMServer.vcxproj", "{7FE9D866-465D-40CA-96BC-6C8212E613DF}"
EndProject
Project("{8BC9CEB8-8B4A-11D0-8D11-00A0C91BC942}") = "CBMReader", "CBMReader\CBMReader.vcxproj", "{716CFBC4-6D9E-457B-A80A-45A708AC6F11}"
EndProject
Project("{8BC9CEB8-8B4A-11D0-8D11-00A0C91BC942}") = "TestServer", "TestServer\TestServer.vcxproj", "{197A35CB-D9BB-4A44-A7B6-CE5E746ECB02}"
EndProject
Project("{8BC9CEB8-8B4A-11D0-8D11-00A0C91BC942}") = "CBMBackend", "CBMBackend\CBMBackend.vcxproj", "{43535A9F-4237-4B9F-86FB-7713B12A4FCD}"
EndProject
Global
	GlobalSection(SolutionConfigurationPlatforms) = preSolution
		Debug|x64 = Debug|x64
		Debug|x86 = Debug|x86
		Release|x64 = Release|x64
		Release|x86 = Release|x86
	EndGlobalSection
	GlobalSection(ProjectConfigurationPlatforms) = postSolution
		{0EA57E58-E2F8-46B4-B610-D833D9047E33}.Debug|x64.ActiveCfg = Debug|x64
		{0EA57E58-E2F8-46B4-B610-D833D9047E33}.Debug|x64.Build.0 = Debug|x64
		{0EA57E58-E2F8-46B4-B610-D833D9047E33}.Debug|x86.ActiveCfg = Debug|Win32
		{0EA57E58-E2F8-46B4-B610-D833D9047E33}.Debug|x86.Build.0 = Debug|Win32
		{0EA57E58-E2F8-46B4-B610-D833D9047E33}.Release|x64.ActiveCfg = Release|x64
		{0EA57E58-E2F8-46B4-B610-D833D9047E33}.Release|x64.Build.0 = Release|x64
		{0EA57E58-E2F8-46B4-B610-D833D9047E33}.Release|x86.ActiveCfg = Release|Win32
		{0EA57E58-E2F8-46B4-B610-D833D9047E33}.Release|x86.Build.0 = Release|Win32
		{7FE9D866-465D-40CA-96BC-6C8212E613DF}.Debug|x64.ActiveCfg = Debug|x64
		{7FE9D866-465D-40CA-96BC-6C8212E613DF}.Debug|x64.Build.0 = Debug|x64
		{7FE9D866-465D-40CA-96BC-6C8212E613DF}.Debug|x86.ActiveCfg = Debug|Win32
		{7FE9D866-465D-40CA-96BC-6C8212E613DF}.Debug|x86.Build.0 = Debug|Win32
		{7FE9D866-465D-40CA-96BC-6C8212E613DF}.Release|x64.ActiveCfg = Release|x64
		{7FE9D866-465D-40CA-96BC-6C8212E613DF}.Release|x64.Build.0 = Release|x64
		{7FE9D866-465D-40CA-96BC-6C8212E613DF}.Release|x86.ActiveCfg = Release|Win32
		{7FE9D866-465D-40CA-96BC-6C8212E613DF}.Release|x86.Build.0 = Release|Win32
		{716CFBC4-6D9E-457B-A80A-45A708AC6F11}.Debug|x64.ActiveCfg = Debug|x64
		{716CFBC4-6D9E-457B-A80A-45A708AC6F11}.Debug|x64.Build.0 = Debug|x64
		{716CFBC4-6D9E-457B-A80A-45A708AC6F11}.Debug|x86.ActiveCfg = Debug|Win32
		{716CFBC4-6D9E-457B-A80A-45A708AC6F11}.Debug|x86.Build.0 = Debug|Win32
		{716CFBC4-6D9E-457B-A80A-45A708AC6F11}.Release|x64.ActiveCfg = Release|x64
		{716CFBC4-6D9E-457B-A80A-45A708AC6F11}.Release|x64.Build.0 = Release|x64
		{716CFBC4-6D9E-457B-A80A-45A708AC6F11}.Release|x86.ActiveCfg = Release|Win32
		{716CFBC4-6D9E-457B-A80A-45A708AC6F11}.Release|x86.Build.0 = Release|Win32
		{197A35CB-D9BB-4A44-A7B6-CE5E746ECB02}.Debug|x64.ActiveCfg = Debug|x64
		{197A35CB-D9BB-4A44-A7B6-CE5E746ECB02}.Debug|x64.Build.0 = Debug|x64
		{197A35CB-D9BB-4A44-A7B6-CE5E746ECB02}.Debug|x86.ActiveCfg = Debug|Win32
		{197A35CB-D9BB-4A44-A7B6-CE5E746ECB02}.Debug|x86.Build.0 = Debug|Win32
		{197A35CB-D9BB-4A44-A7B6-CE5E746ECB02}.Release|x64.ActiveCfg = Release|x64
		{197A35CB-D9BB-4A44-A7B6-CE5E746ECB02}.Release|x64.Build.0 = Release|x64
		{197A35CB-D9BB-4A44-A7B6-CE5E746ECB02}.Release|x86.ActiveCfg = Release|Win32
		{197A35CB-D9BB-4A44-A7B6-CE5E746ECB02}.Release|x86.Build.0 = Release|Win32
		{43535A9F-4237-4B9F-86FB-7713B12A4FCD}.Debug|x64.ActiveCfg = Debug|x64
		{43535A9F-4237-4B9F-86FB-7713B12A4FCD}.Debug|x64.Build.0 = Debug|x64
		{43535A9F-4237-4B9F-86FB-7713B12A4FCD}.Debug|x86.ActiveCfg = Debug|Win32
		{43535A9F-4237-4B9F-86FB-7713B12A4FCD}.Debug|x86.Build.0 = Debug|Win32
		{43535A9F-4237-4B9F-86FB-7713B12A4FCD}.Release|x64.ActiveCfg = Release|x64
		{43535A9F-4237-4B9F-86FB-7713B12A4FCD}.Release|x64.Build.0 = Release|x64
		{43535A9F-4237-4B9F-86FB-7713B12A4FCD}.Release|x86.ActiveCfg = Release|Win32
		{43535A9F-4237-4B9F-86FB-7713B12A4FCD}.Release|x86.Build.0 = Release|Win32
	EndGlobalSection
	GlobalSection(SolutionProperties) = preSolution
		HideSolutionNode = FALSE
	EndGlobalSection
	GlobalSection(ExtensibilityGlobals) = postSolution
		SolutionGuid = {D4198875-3622-4AED-BCD4-B2955118329E}
	EndGlobalSection
EndGlobal
